version = 1
requires-python = ">=3.13"

[[package]]
name = "herbie-pdl"
version = "0.1.0"
source = { virtual = "." }
dependencies = [
    { name = "xdsl" },
]

[package.metadata]
requires-dist = [{ name = "xdsl", specifier = ">=0.41.0" }]

[[package]]
name = "immutabledict"
version = "4.2.1"
source = { registry = "https://pypi.org/simple" }
sdist = { url = "https://files.pythonhosted.org/packages/e0/c5/4240186fbabc58fba41bbe17c5f0cd37ffd4c0b85a5029ab104f946df175/immutabledict-4.2.1.tar.gz", hash = "sha256:d91017248981c72eb66c8ff9834e99c2f53562346f23e7f51e7a5ebcf66a3bcc", size = 6228 }
wheels = [
    { url = "https://files.pythonhosted.org/packages/59/56/25ca7b848164b7d93dbd5fc97dd7751700c93e324fe854afbeb562ee2f98/immutabledict-4.2.1-py3-none-any.whl", hash = "sha256:c56a26ced38c236f79e74af3ccce53772827cef5c3bce7cab33ff2060f756373", size = 4700 },
]

[[package]]
name = "ordered-set"
version = "4.1.0"
source = { registry = "https://pypi.org/simple" }
sdist = { url = "https://files.pythonhosted.org/packages/4c/ca/bfac8bc689799bcca4157e0e0ced07e70ce125193fc2e166d2e685b7e2fe/ordered-set-4.1.0.tar.gz", hash = "sha256:694a8e44c87657c59292ede72891eb91d34131f6531463aab3009191c77364a8", size = 12826 }
wheels = [
    { url = "https://files.pythonhosted.org/packages/33/55/af02708f230eb77084a299d7b08175cff006dea4f2721074b92cdb0296c0/ordered_set-4.1.0-py3-none-any.whl", hash = "sha256:046e1132c71fcf3330438a539928932caf51ddbc582496833e23de611de14562", size = 7634 },
]

[[package]]
name = "typing-extensions"
version = "4.14.0"
source = { registry = "https://pypi.org/simple" }
sdist = { url = "https://files.pythonhosted.org/packages/d1/bc/51647cd02527e87d05cb083ccc402f93e441606ff1f01739a62c8ad09ba5/typing_extensions-4.14.0.tar.gz", hash = "sha256:8676b788e32f02ab42d9e7c61324048ae4c6d844a399eebace3d4979d75ceef4", size = 107423 }
wheels = [
    { url = "https://files.pythonhosted.org/packages/69/e0/552843e0d356fbb5256d21449fa957fa4eff3bbc135a74a691ee70c7c5da/typing_extensions-4.14.0-py3-none-any.whl", hash = "sha256:a1514509136dd0b477638fc68d6a91497af5076466ad0fa6c338e44e359944af", size = 43839 },
]

[[package]]
name = "xdsl"
version = "0.41.0"
source = { registry = "https://pypi.org/simple" }
dependencies = [
    { name = "immutabledict" },
    { name = "ordered-set" },
    { name = "typing-extensions" },
]
sdist = { url = "https://files.pythonhosted.org/packages/64/4a/a93f27e82b01ca9e11fce76b535548ca58ca16f9c6437620a2a0a06690c5/xdsl-0.41.0.tar.gz", hash = "sha256:dff60947feedeca79c28cdca9b5e5e70c1f88d7ce2eb0c66e8cad660468f1686", size = 1449500 }
wheels = [
    { url = "https://files.pythonhosted.org/packages/19/ee/a42697309475a5eed45ef7e0418af01d097e9c33ea8ef902e05622c8303a/xdsl-0.41.0-py3-none-any.whl", hash = "sha256:72bda3d6b00abb63a57f2121536f7a36237e94252d80761b85697efebd8091eb", size = 1669927 },
]
